# This file is automatically @generated by Cargo.
# It is not intended for manual editing.
version = 3

[[package]]
name = "libc"
version = "0.2.117"
source = "registry+https://github.com/rust-lang/crates.io-index"
checksum = "e74d72e0f9b65b5b4ca49a346af3976df0f9c61d550727f349ecd559f251a26c"

[[package]]
name = "virt"
version = "0.2.11"
source = "git+https://github.com/libvirt/libvirt-rust#10456b6e59ec73e8ef418cf0a29a9bf33be8ded6"
dependencies = [
 "libc",
]

[[package]]
name = "virtwold"
version = "0.1.0"
dependencies = [
 "virt",
 "wake-on-lan",
]

[[package]]
name = "wake-on-lan"
version = "0.1.0"
source = "git+https://github.com/gcastellov/wake-on-lan#8bf7a1af2819d8bc5e1b10d88fa79e63393f4c45"
